
Microsoft Visual Studio Solution File, Format Version 12.00
# Visual Studio Version 16
VisualStudioVersion = 16.0.31205.134
MinimumVisualStudioVersion = 10.0.40219.1
Project("{FAE04EC0-301F-11D3-BF4B-00C04F79EFBC}") = "MyPortfolio", "MyPortfolio\MyPortfolio.csproj", "{EA570D54-4055-40C1-A552-0B794FB51649}"
EndProject
Project("{FAE04EC0-301F-11D3-BF4B-00C04F79EFBC}") = "Core", "Core\Core.csproj", "{C83B7046-FEB6-4A90-AA71-D78EB2BEACEA}"
EndProject
Project("{FAE04EC0-301F-11D3-BF4B-00C04F79EFBC}") = "Infrastructure", "Infrastructure\Infrastructure.csproj", "{32A14418-7EB7-4900-9C18-48CBE7B9FB1C}"
EndProject
Global
	GlobalSection(SolutionConfigurationPlatforms) = preSolution
		Debug|Any CPU = Debug|Any CPU
		Release|Any CPU = Release|Any CPU
	EndGlobalSection
	GlobalSection(ProjectConfigurationPlatforms) = postSolution
		{EA570D54-4055-40C1-A552-0B794FB51649}.Debug|Any CPU.ActiveCfg = Debug|Any CPU
		{EA570D54-4055-40C1-A552-0B794FB51649}.Debug|Any CPU.Build.0 = Debug|Any CPU
		{EA570D54-4055-40C1-A552-0B794FB51649}.Release|Any CPU.ActiveCfg = Release|Any CPU
		{EA570D54-4055-40C1-A552-0B794FB51649}.Release|Any CPU.Build.0 = Release|Any CPU
		{C83B7046-FEB6-4A90-AA71-D78EB2BEACEA}.Debug|Any CPU.ActiveCfg = Debug|Any CPU
		{C83B7046-FEB6-4A90-AA71-D78EB2BEACEA}.Debug|Any CPU.Build.0 = Debug|Any CPU
		{C83B7046-FEB6-4A90-AA71-D78EB2BEACEA}.Release|Any CPU.ActiveCfg = Release|Any CPU
		{C83B7046-FEB6-4A90-AA71-D78EB2BEACEA}.Release|Any CPU.Build.0 = Release|Any CPU
		{32A14418-7EB7-4900-9C18-48CBE7B9FB1C}.Debug|Any CPU.ActiveCfg = Debug|Any CPU
		{32A14418-7EB7-4900-9C18-48CBE7B9FB1C}.Debug|Any CPU.Build.0 = Debug|Any CPU
		{32A14418-7EB7-4900-9C18-48CBE7B9FB1C}.Release|Any CPU.ActiveCfg = Release|Any CPU
		{32A14418-7EB7-4900-9C18-48CBE7B9FB1C}.Release|Any CPU.Build.0 = Release|Any CPU
	EndGlobalSection
	GlobalSection(SolutionProperties) = preSolution
		HideSolutionNode = FALSE
	EndGlobalSection
	GlobalSection(ExtensibilityGlobals) = postSolution
		SolutionGuid = {B635E72F-29CF-4795-890B-8F89396A8BF8}
	EndGlobalSection
EndGlobal
